
Microsoft Visual Studio Solution File, Format Version 12.00
# Visual Studio Version 16
VisualStudioVersion = 16.0.30615.102
MinimumVisualStudioVersion = 10.0.40219.1
Project("{FAE04EC0-301F-11D3-BF4B-00C04F79EFBC}") = "WebApplication22.Server", "WebApplication22\Server\WebApplication22.Server.csproj", "{F4439D4A-E06D-43C9-B6D7-AD7808FD2FD6}"
EndProject
Project("{FAE04EC0-301F-11D3-BF4B-00C04F79EFBC}") = "WebApplication22.Client", "WebApplication22\Client\WebApplication22.Client.csproj", "{3FD0FD5F-957B-46D5-8E3E-CABB9A20D22E}"
EndProject
Project("{FAE04EC0-301F-11D3-BF4B-00C04F79EFBC}") = "WebApplication22.Shared", "WebApplication22\Shared\WebApplication22.Shared.csproj", "{D708177D-D039-4C3C-93D3-B8B1BADB89ED}"
EndProject
Global
	GlobalSection(SolutionConfigurationPlatforms) = preSolution
		Debug|Any CPU = Debug|Any CPU
		Release|Any CPU = Release|Any CPU
	EndGlobalSection
	GlobalSection(ProjectConfigurationPlatforms) = postSolution
		{F4439D4A-E06D-43C9-B6D7-AD7808FD2FD6}.Debug|Any CPU.ActiveCfg = Debug|Any CPU
		{F4439D4A-E06D-43C9-B6D7-AD7808FD2FD6}.Debug|Any CPU.Build.0 = Debug|Any CPU
		{F4439D4A-E06D-43C9-B6D7-AD7808FD2FD6}.Release|Any CPU.ActiveCfg = Release|Any CPU
		{F4439D4A-E06D-43C9-B6D7-AD7808FD2FD6}.Release|Any CPU.Build.0 = Release|Any CPU
		{3FD0FD5F-957B-46D5-8E3E-CABB9A20D22E}.Debug|Any CPU.ActiveCfg = Debug|Any CPU
		{3FD0FD5F-957B-46D5-8E3E-CABB9A20D22E}.Debug|Any CPU.Build.0 = Debug|Any CPU
		{3FD0FD5F-957B-46D5-8E3E-CABB9A20D22E}.Release|Any CPU.ActiveCfg = Release|Any CPU
		{3FD0FD5F-957B-46D5-8E3E-CABB9A20D22E}.Release|Any CPU.Build.0 = Release|Any CPU
		{D708177D-D039-4C3C-93D3-B8B1BADB89ED}.Debug|Any CPU.ActiveCfg = Debug|Any CPU
		{D708177D-D039-4C3C-93D3-B8B1BADB89ED}.Debug|Any CPU.Build.0 = Debug|Any CPU
		{D708177D-D039-4C3C-93D3-B8B1BADB89ED}.Release|Any CPU.ActiveCfg = Release|Any CPU
		{D708177D-D039-4C3C-93D3-B8B1BADB89ED}.Release|Any CPU.Build.0 = Release|Any CPU
	EndGlobalSection
	GlobalSection(SolutionProperties) = preSolution
		HideSolutionNode = FALSE
	EndGlobalSection
	GlobalSection(ExtensibilityGlobals) = postSolution
		SolutionGuid = {DD4ABC40-9F24-431F-A276-C834BA07A733}
	EndGlobalSection
EndGlobal
